// !$*UTF8*$!
{
	archiveVersion = 1;
	classes = {
	};
	objectVersion = 50;
	objects = {

/* Begin PBXBuildFile section */
		2CC0F39B9A566F6E1C1D653F /* Pods_iTunesSearchBasicTests.framework in Frameworks */ = {isa = PBXBuildFile; fileRef = 20CFA2C67245E8B8F9A68B92 /* Pods_iTunesSearchBasicTests.framework */; };
		A14CCBF1215CEA1B00A699E6 /* AppDelegate.swift in Sources */ = {isa = PBXBuildFile; fileRef = A14CCBF0215CEA1B00A699E6 /* AppDelegate.swift */; };
		A14CCBF3215CEA1B00A699E6 /* ViewController.swift in Sources */ = {isa = PBXBuildFile; fileRef = A14CCBF2215CEA1B00A699E6 /* ViewController.swift */; };
		A14CCBF6215CEA1B00A699E6 /* Main.storyboard in Resources */ = {isa = PBXBuildFile; fileRef = A14CCBF4215CEA1B00A699E6 /* Main.storyboard */; };
		A14CCBF8215CEA1C00A699E6 /* Assets.xcassets in Resources */ = {isa = PBXBuildFile; fileRef = A14CCBF7215CEA1C00A699E6 /* Assets.xcassets */; };
		A14CCBFB215CEA1C00A699E6 /* LaunchScreen.storyboard in Resources */ = {isa = PBXBuildFile; fileRef = A14CCBF9215CEA1C00A699E6 /* LaunchScreen.storyboard */; };
		A14CCC06215CEA1C00A699E6 /* iTunesSearchBasicTests.swift in Sources */ = {isa = PBXBuildFile; fileRef = A14CCC05215CEA1C00A699E6 /* iTunesSearchBasicTests.swift */; };
		A14CCC12215CF07F00A699E6 /* iTunesAPIClient.swift in Sources */ = {isa = PBXBuildFile; fileRef = A14CCC11215CF07F00A699E6 /* iTunesAPIClient.swift */; };
		A14CCC14215CF08B00A699E6 /* Result.swift in Sources */ = {isa = PBXBuildFile; fileRef = A14CCC13215CF08B00A699E6 /* Result.swift */; };
		A14CCC16215CF09A00A699E6 /* SearchError.swift in Sources */ = {isa = PBXBuildFile; fileRef = A14CCC15215CF09A00A699E6 /* SearchError.swift */; };
		A14CCC19215CF11A00A699E6 /* Song.swift in Sources */ = {isa = PBXBuildFile; fileRef = A14CCC18215CF11A00A699E6 /* Song.swift */; };
		A14CCC1C215CF26D00A699E6 /* iTunesAPIClientTests.swift in Sources */ = {isa = PBXBuildFile; fileRef = A14CCC1B215CF26D00A699E6 /* iTunesAPIClientTests.swift */; };
		A14CCC1E215CF2AC00A699E6 /* MockURLSession.swift in Sources */ = {isa = PBXBuildFile; fileRef = A14CCC1D215CF2AC00A699E6 /* MockURLSession.swift */; };
		A14CCC20215CF2E900A699E6 /* ResultTest.swift in Sources */ = {isa = PBXBuildFile; fileRef = A14CCC1F215CF2E900A699E6 /* ResultTest.swift */; };
		F59C896B41A0DF01633E5FD4 /* Pods_iTunesSearchBasic.framework in Frameworks */ = {isa = PBXBuildFile; fileRef = C5F11579948FB9AF73A71294 /* Pods_iTunesSearchBasic.framework */; };
/* End PBXBuildFile section */

/* Begin PBXContainerItemProxy section */
		A14CCC02215CEA1C00A699E6 /* PBXContainerItemProxy */ = {
			isa = PBXContainerItemProxy;
			containerPortal = A14CCBE5215CEA1B00A699E6 /* Project object */;
			proxyType = 1;
			remoteGlobalIDString = A14CCBEC215CEA1B00A699E6;
			remoteInfo = iTunesSearchBasic;
		};
/* End PBXContainerItemProxy section */

/* Begin PBXFileReference section */
		0C6519AFB15A8FA376229CFE /* Pods-iTunesSearchBasic.debug.xcconfig */ = {isa = PBXFileReference; includeInIndex = 1; lastKnownFileType = text.xcconfig; name = "Pods-iTunesSearchBasic.debug.xcconfig"; path = "Pods/Target Support Files/Pods-iTunesSearchBasic/Pods-iTunesSearchBasic.debug.xcconfig"; sourceTree = "<group>"; };
		20CFA2C67245E8B8F9A68B92 /* Pods_iTunesSearchBasicTests.framework */ = {isa = PBXFileReference; explicitFileType = wrapper.framework; includeInIndex = 0; path = Pods_iTunesSearchBasicTests.framework; sourceTree = BUILT_PRODUCTS_DIR; };
		4E8D5D5BA669945CD40FE3F3 /* Pods-iTunesSearchBasicTests.debug.xcconfig */ = {isa = PBXFileReference; includeInIndex = 1; lastKnownFileType = text.xcconfig; name = "Pods-iTunesSearchBasicTests.debug.xcconfig"; path = "Pods/Target Support Files/Pods-iTunesSearchBasicTests/Pods-iTunesSearchBasicTests.debug.xcconfig"; sourceTree = "<group>"; };
		6957F68AB11D2DEAC0E9229B /* Pods-iTunesSearchBasic.release.xcconfig */ = {isa = PBXFileReference; includeInIndex = 1; lastKnownFileType = text.xcconfig; name = "Pods-iTunesSearchBasic.release.xcconfig"; path = "Pods/Target Support Files/Pods-iTunesSearchBasic/Pods-iTunesSearchBasic.release.xcconfig"; sourceTree = "<group>"; };
		9FC2E7CA44F19C702D5904AC /* Pods-iTunesSearchBasicTests.release.xcconfig */ = {isa = PBXFileReference; includeInIndex = 1; lastKnownFileType = text.xcconfig; name = "Pods-iTunesSearchBasicTests.release.xcconfig"; path = "Pods/Target Support Files/Pods-iTunesSearchBasicTests/Pods-iTunesSearchBasicTests.release.xcconfig"; sourceTree = "<group>"; };
		A14CCBED215CEA1B00A699E6 /* iTunesSearchBasic.app */ = {isa = PBXFileReference; explicitFileType = wrapper.application; includeInIndex = 0; path = iTunesSearchBasic.app; sourceTree = BUILT_PRODUCTS_DIR; };
		A14CCBF0215CEA1B00A699E6 /* AppDelegate.swift */ = {isa = PBXFileReference; lastKnownFileType = sourcecode.swift; path = AppDelegate.swift; sourceTree = "<group>"; };
		A14CCBF2215CEA1B00A699E6 /* ViewController.swift */ = {isa = PBXFileReference; lastKnownFileType = sourcecode.swift; path = ViewController.swift; sourceTree = "<group>"; };
		A14CCBF5215CEA1B00A699E6 /* Base */ = {isa = PBXFileReference; lastKnownFileType = file.storyboard; name = Base; path = Base.lproj/Main.storyboard; sourceTree = "<group>"; };
		A14CCBF7215CEA1C00A699E6 /* Assets.xcassets */ = {isa = PBXFileReference; lastKnownFileType = folder.assetcatalog; path = Assets.xcassets; sourceTree = "<group>"; };
		A14CCBFA215CEA1C00A699E6 /* Base */ = {isa = PBXFileReference; lastKnownFileType = file.storyboard; name = Base; path = Base.lproj/LaunchScreen.storyboard; sourceTree = "<group>"; };
		A14CCBFC215CEA1C00A699E6 /* Info.plist */ = {isa = PBXFileReference; lastKnownFileType = text.plist.xml; path = Info.plist; sourceTree = "<group>"; };
		A14CCC01215CEA1C00A699E6 /* iTunesSearchBasicTests.xctest */ = {isa = PBXFileReference; explicitFileType = wrapper.cfbundle; includeInIndex = 0; path = iTunesSearchBasicTests.xctest; sourceTree = BUILT_PRODUCTS_DIR; };
		A14CCC05215CEA1C00A699E6 /* iTunesSearchBasicTests.swift */ = {isa = PBXFileReference; lastKnownFileType = sourcecode.swift; path = iTunesSearchBasicTests.swift; sourceTree = "<group>"; };
		A14CCC07215CEA1C00A699E6 /* Info.plist */ = {isa = PBXFileReference; lastKnownFileType = text.plist.xml; path = Info.plist; sourceTree = "<group>"; };
		A14CCC11215CF07F00A699E6 /* iTunesAPIClient.swift */ = {isa = PBXFileReference; lastKnownFileType = sourcecode.swift; path = iTunesAPIClient.swift; sourceTree = "<group>"; };
		A14CCC13215CF08B00A699E6 /* Result.swift */ = {isa = PBXFileReference; lastKnownFileType = sourcecode.swift; path = Result.swift; sourceTree = "<group>"; };
		A14CCC15215CF09A00A699E6 /* SearchError.swift */ = {isa = PBXFileReference; lastKnownFileType = sourcecode.swift; path = SearchError.swift; sourceTree = "<group>"; };
		A14CCC18215CF11A00A699E6 /* Song.swift */ = {isa = PBXFileReference; lastKnownFileType = sourcecode.swift; path = Song.swift; sourceTree = "<group>"; };
		A14CCC1B215CF26D00A699E6 /* iTunesAPIClientTests.swift */ = {isa = PBXFileReference; lastKnownFileType = sourcecode.swift; path = iTunesAPIClientTests.swift; sourceTree = "<group>"; };
		A14CCC1D215CF2AC00A699E6 /* MockURLSession.swift */ = {isa = PBXFileReference; lastKnownFileType = sourcecode.swift; path = MockURLSession.swift; sourceTree = "<group>"; };
		A14CCC1F215CF2E900A699E6 /* ResultTest.swift */ = {isa = PBXFileReference; lastKnownFileType = sourcecode.swift; path = ResultTest.swift; sourceTree = "<group>"; };
		C5F11579948FB9AF73A71294 /* Pods_iTunesSearchBasic.framework */ = {isa = PBXFileReference; explicitFileType = wrapper.framework; includeInIndex = 0; path = Pods_iTunesSearchBasic.framework; sourceTree = BUILT_PRODUCTS_DIR; };
/* End PBXFileReference section */

/* Begin PBXFrameworksBuildPhase section */
		A14CCBEA215CEA1B00A699E6 /* Frameworks */ = {
			isa = PBXFrameworksBuildPhase;
			buildActionMask = 2147483647;
			files = (
				F59C896B41A0DF01633E5FD4 /* Pods_iTunesSearchBasic.framework in Frameworks */,
			);
			runOnlyForDeploymentPostprocessing = 0;
		};
		A14CCBFE215CEA1C00A699E6 /* Frameworks */ = {
			isa = PBXFrameworksBuildPhase;
			buildActionMask = 2147483647;
			files = (
				2CC0F39B9A566F6E1C1D653F /* Pods_iTunesSearchBasicTests.framework in Frameworks */,
			);
			runOnlyForDeploymentPostprocessing = 0;
		};
/* End PBXFrameworksBuildPhase section */

/* Begin PBXGroup section */
		1B3FBF6D0DBB00DCF53D2E9F /* Frameworks */ = {
			isa = PBXGroup;
			children = (
				C5F11579948FB9AF73A71294 /* Pods_iTunesSearchBasic.framework */,
				20CFA2C67245E8B8F9A68B92 /* Pods_iTunesSearchBasicTests.framework */,
			);
			name = Frameworks;
			sourceTree = "<group>";
		};
		A14CCBE4215CEA1B00A699E6 = {
			isa = PBXGroup;
			children = (
				A14CCBEF215CEA1B00A699E6 /* iTunesSearchBasic */,
				A14CCC04215CEA1C00A699E6 /* iTunesSearchBasicTests */,
				A14CCBEE215CEA1B00A699E6 /* Products */,
				BE40CEA0622B330F656DA02F /* Pods */,
				1B3FBF6D0DBB00DCF53D2E9F /* Frameworks */,
			);
			sourceTree = "<group>";
		};
		A14CCBEE215CEA1B00A699E6 /* Products */ = {
			isa = PBXGroup;
			children = (
				A14CCBED215CEA1B00A699E6 /* iTunesSearchBasic.app */,
				A14CCC01215CEA1C00A699E6 /* iTunesSearchBasicTests.xctest */,
			);
			name = Products;
			sourceTree = "<group>";
		};
		A14CCBEF215CEA1B00A699E6 /* iTunesSearchBasic */ = {
			isa = PBXGroup;
			children = (
				A14CCC17215CF10A00A699E6 /* Model */,
				A14CCC10215CF05400A699E6 /* Networking */,
				A14CCBF0215CEA1B00A699E6 /* AppDelegate.swift */,
				A14CCBF2215CEA1B00A699E6 /* ViewController.swift */,
				A14CCBF4215CEA1B00A699E6 /* Main.storyboard */,
				A14CCBF7215CEA1C00A699E6 /* Assets.xcassets */,
				A14CCBF9215CEA1C00A699E6 /* LaunchScreen.storyboard */,
				A14CCBFC215CEA1C00A699E6 /* Info.plist */,
			);
			path = iTunesSearchBasic;
			sourceTree = "<group>";
		};
		A14CCC04215CEA1C00A699E6 /* iTunesSearchBasicTests */ = {
			isa = PBXGroup;
			children = (
				A14CCC1A215CF24B00A699E6 /* Networking */,
				A14CCC05215CEA1C00A699E6 /* iTunesSearchBasicTests.swift */,
				A14CCC07215CEA1C00A699E6 /* Info.plist */,
			);
			path = iTunesSearchBasicTests;
			sourceTree = "<group>";
		};
		A14CCC10215CF05400A699E6 /* Networking */ = {
			isa = PBXGroup;
			children = (
				A14CCC11215CF07F00A699E6 /* iTunesAPIClient.swift */,
				A14CCC13215CF08B00A699E6 /* Result.swift */,
				A14CCC15215CF09A00A699E6 /* SearchError.swift */,
			);
			path = Networking;
			sourceTree = "<group>";
		};
		A14CCC17215CF10A00A699E6 /* Model */ = {
			isa = PBXGroup;
			children = (
				A14CCC18215CF11A00A699E6 /* Song.swift */,
			);
			path = Model;
			sourceTree = "<group>";
		};
		A14CCC1A215CF24B00A699E6 /* Networking */ = {
			isa = PBXGroup;
			children = (
				A14CCC1B215CF26D00A699E6 /* iTunesAPIClientTests.swift */,
				A14CCC1D215CF2AC00A699E6 /* MockURLSession.swift */,
				A14CCC1F215CF2E900A699E6 /* ResultTest.swift */,
			);
			path = Networking;
			sourceTree = "<group>";
		};
		BE40CEA0622B330F656DA02F /* Pods */ = {
			isa = PBXGroup;
			children = (
				0C6519AFB15A8FA376229CFE /* Pods-iTunesSearchBasic.debug.xcconfig */,
				6957F68AB11D2DEAC0E9229B /* Pods-iTunesSearchBasic.release.xcconfig */,
				4E8D5D5BA669945CD40FE3F3 /* Pods-iTunesSearchBasicTests.debug.xcconfig */,
				9FC2E7CA44F19C702D5904AC /* Pods-iTunesSearchBasicTests.release.xcconfig */,
			);
			name = Pods;
			sourceTree = "<group>";
		};
/* End PBXGroup section */

/* Begin PBXNativeTarget section */
		A14CCBEC215CEA1B00A699E6 /* iTunesSearchBasic */ = {
			isa = PBXNativeTarget;
			buildConfigurationList = A14CCC0A215CEA1C00A699E6 /* Build configuration list for PBXNativeTarget "iTunesSearchBasic" */;
			buildPhases = (
				FF9AA3B8AA9587874CA53C6E /* [CP] Check Pods Manifest.lock */,
				A14CCBE9215CEA1B00A699E6 /* Sources */,
				A14CCBEA215CEA1B00A699E6 /* Frameworks */,
				A14CCBEB215CEA1B00A699E6 /* Resources */,
				8448613B29D60325A0EA2933 /* [CP] Embed Pods Frameworks */,
			);
			buildRules = (
			);
			dependencies = (
			);
			name = iTunesSearchBasic;
			productName = iTunesSearchBasic;
			productReference = A14CCBED215CEA1B00A699E6 /* iTunesSearchBasic.app */;
			productType = "com.apple.product-type.application";
		};
		A14CCC00215CEA1C00A699E6 /* iTunesSearchBasicTests */ = {
			isa = PBXNativeTarget;
			buildConfigurationList = A14CCC0D215CEA1C00A699E6 /* Build configuration list for PBXNativeTarget "iTunesSearchBasicTests" */;
			buildPhases = (
				7A5B9E4E22A2A1E7923F0311 /* [CP] Check Pods Manifest.lock */,
				A14CCBFD215CEA1C00A699E6 /* Sources */,
				A14CCBFE215CEA1C00A699E6 /* Frameworks */,
				A14CCBFF215CEA1C00A699E6 /* Resources */,
			);
			buildRules = (
			);
			dependencies = (
				A14CCC03215CEA1C00A699E6 /* PBXTargetDependency */,
			);
			name = iTunesSearchBasicTests;
			productName = iTunesSearchBasicTests;
			productReference = A14CCC01215CEA1C00A699E6 /* iTunesSearchBasicTests.xctest */;
			productType = "com.apple.product-type.bundle.unit-test";
		};
/* End PBXNativeTarget section */

/* Begin PBXProject section */
		A14CCBE5215CEA1B00A699E6 /* Project object */ = {
			isa = PBXProject;
			attributes = {
				LastSwiftUpdateCheck = 1000;
				LastUpgradeCheck = 1000;
				ORGANIZATIONNAME = "Charles Moncada";
				TargetAttributes = {
					A14CCBEC215CEA1B00A699E6 = {
						CreatedOnToolsVersion = 10.0;
					};
					A14CCC00215CEA1C00A699E6 = {
						CreatedOnToolsVersion = 10.0;
						TestTargetID = A14CCBEC215CEA1B00A699E6;
					};
				};
			};
			buildConfigurationList = A14CCBE8215CEA1B00A699E6 /* Build configuration list for PBXProject "iTunesSearchBasic" */;
			compatibilityVersion = "Xcode 9.3";
			developmentRegion = en;
			hasScannedForEncodings = 0;
			knownRegions = (
				en,
				Base,
			);
			mainGroup = A14CCBE4215CEA1B00A699E6;
			productRefGroup = A14CCBEE215CEA1B00A699E6 /* Products */;
			projectDirPath = "";
			projectRoot = "";
			targets = (
				A14CCBEC215CEA1B00A699E6 /* iTunesSearchBasic */,
				A14CCC00215CEA1C00A699E6 /* iTunesSearchBasicTests */,
			);
		};
/* End PBXProject section */

/* Begin PBXResourcesBuildPhase section */
		A14CCBEB215CEA1B00A699E6 /* Resources */ = {
			isa = PBXResourcesBuildPhase;
			buildActionMask = 2147483647;
			files = (
				A14CCBFB215CEA1C00A699E6 /* LaunchScreen.storyboard in Resources */,
				A14CCBF8215CEA1C00A699E6 /* Assets.xcassets in Resources */,
				A14CCBF6215CEA1B00A699E6 /* Main.storyboard in Resources */,
			);
			runOnlyForDeploymentPostprocessing = 0;
		};
		A14CCBFF215CEA1C00A699E6 /* Resources */ = {
			isa = PBXResourcesBuildPhase;
			buildActionMask = 2147483647;
			files = (
			);
			runOnlyForDeploymentPostprocessing = 0;
		};
/* End PBXResourcesBuildPhase section */

/* Begin PBXShellScriptBuildPhase section */
		7A5B9E4E22A2A1E7923F0311 /* [CP] Check Pods Manifest.lock */ = {
			isa = PBXShellScriptBuildPhase;
			buildActionMask = 2147483647;
			files = (
			);
			inputPaths = (
				"${PODS_PODFILE_DIR_PATH}/Podfile.lock",
				"${PODS_ROOT}/Manifest.lock",
			);
			name = "[CP] Check Pods Manifest.lock";
			outputPaths = (
				"$(DERIVED_FILE_DIR)/Pods-iTunesSearchBasicTests-checkManifestLockResult.txt",
			);
			runOnlyForDeploymentPostprocessing = 0;
			shellPath = /bin/sh;
			shellScript = "diff \"${PODS_PODFILE_DIR_PATH}/Podfile.lock\" \"${PODS_ROOT}/Manifest.lock\" > /dev/null\nif [ $? != 0 ] ; then\n    # print error to STDERR\n    echo \"error: The sandbox is not in sync with the Podfile.lock. Run 'pod install' or update your CocoaPods installation.\" >&2\n    exit 1\nfi\n# This output is used by Xcode 'outputs' to avoid re-running this script phase.\necho \"SUCCESS\" > \"${SCRIPT_OUTPUT_FILE_0}\"\n";
			showEnvVarsInLog = 0;
		};
		8448613B29D60325A0EA2933 /* [CP] Embed Pods Frameworks */ = {
			isa = PBXShellScriptBuildPhase;
			buildActionMask = 2147483647;
			files = (
			);
			inputPaths = (
				"${SRCROOT}/Pods/Target Support Files/Pods-iTunesSearchBasic/Pods-iTunesSearchBasic-frameworks.sh",
				"${BUILT_PRODUCTS_DIR}/Kingfisher/Kingfisher.framework",
				"${BUILT_PRODUCTS_DIR}/ReachabilitySwift/Reachability.framework",
			);
			name = "[CP] Embed Pods Frameworks";
			outputPaths = (
				"${TARGET_BUILD_DIR}/${FRAMEWORKS_FOLDER_PATH}/Kingfisher.framework",
				"${TARGET_BUILD_DIR}/${FRAMEWORKS_FOLDER_PATH}/Reachability.framework",
			);
			runOnlyForDeploymentPostprocessing = 0;
			shellPath = /bin/sh;
			shellScript = "\"${SRCROOT}/Pods/Target Support Files/Pods-iTunesSearchBasic/Pods-iTunesSearchBasic-frameworks.sh\"\n";
			showEnvVarsInLog = 0;
		};
		FF9AA3B8AA9587874CA53C6E /* [CP] Check Pods Manifest.lock */ = {
			isa = PBXShellScriptBuildPhase;
			buildActionMask = 2147483647;
			files = (
			);
			inputPaths = (
				"${PODS_PODFILE_DIR_PATH}/Podfile.lock",
				"${PODS_ROOT}/Manifest.lock",
			);
			name = "[CP] Check Pods Manifest.lock";
			outputPaths = (
				"$(DERIVED_FILE_DIR)/Pods-iTunesSearchBasic-checkManifestLockResult.txt",
			);
			runOnlyForDeploymentPostprocessing = 0;
			shellPath = /bin/sh;
			shellScript = "diff \"${PODS_PODFILE_DIR_PATH}/Podfile.lock\" \"${PODS_ROOT}/Manifest.lock\" > /dev/null\nif [ $? != 0 ] ; then\n    # print error to STDERR\n    echo \"error: The sandbox is not in sync with the Podfile.lock. Run 'pod install' or update your CocoaPods installation.\" >&2\n    exit 1\nfi\n# This output is used by Xcode 'outputs' to avoid re-running this script phase.\necho \"SUCCESS\" > \"${SCRIPT_OUTPUT_FILE_0}\"\n";
			showEnvVarsInLog = 0;
		};
/* End PBXShellScriptBuildPhase section */

/* Begin PBXSourcesBuildPhase section */
		A14CCBE9215CEA1B00A699E6 /* Sources */ = {
			isa = PBXSourcesBuildPhase;
			buildActionMask = 2147483647;
			files = (
				A14CCC19215CF11A00A699E6 /* Song.swift in Sources */,
				A14CCC12215CF07F00A699E6 /* iTunesAPIClient.swift in Sources */,
				A14CCC16215CF09A00A699E6 /* SearchError.swift in Sources */,
				A14CCBF3215CEA1B00A699E6 /* ViewController.swift in Sources */,
				A14CCC14215CF08B00A699E6 /* Result.swift in Sources */,
				A14CCBF1215CEA1B00A699E6 /* AppDelegate.swift in Sources */,
			);
			runOnlyForDeploymentPostprocessing = 0;
		};
		A14CCBFD215CEA1C00A699E6 /* Sources */ = {
			isa = PBXSourcesBuildPhase;
			buildActionMask = 2147483647;
			files = (
				A14CCC1E215CF2AC00A699E6 /* MockURLSession.swift in Sources */,
				A14CCC06215CEA1C00A699E6 /* iTunesSearchBasicTests.swift in Sources */,
				A14CCC20215CF2E900A699E6 /* ResultTest.swift in Sources */,
				A14CCC1C215CF26D00A699E6 /* iTunesAPIClientTests.swift in Sources */,
			);
			runOnlyForDeploymentPostprocessing = 0;
		};
/* End PBXSourcesBuildPhase section */

/* Begin PBXTargetDependency section */
		A14CCC03215CEA1C00A699E6 /* PBXTargetDependency */ = {
			isa = PBXTargetDependency;
			target = A14CCBEC215CEA1B00A699E6 /* iTunesSearchBasic */;
			targetProxy = A14CCC02215CEA1C00A699E6 /* PBXContainerItemProxy */;
		};
/* End PBXTargetDependency section */

/* Begin PBXVariantGroup section */
		A14CCBF4215CEA1B00A699E6 /* Main.storyboard */ = {
			isa = PBXVariantGroup;
			children = (
				A14CCBF5215CEA1B00A699E6 /* Base */,
			);
			name = Main.storyboard;
			sourceTree = "<group>";
		};
		A14CCBF9215CEA1C00A699E6 /* LaunchScreen.storyboard */ = {
			isa = PBXVariantGroup;
			children = (
				A14CCBFA215CEA1C00A699E6 /* Base */,
			);
			name = LaunchScreen.storyboard;
			sourceTree = "<group>";
		};
/* End PBXVariantGroup section */

/* Begin XCBuildConfiguration section */
		A14CCC08215CEA1C00A699E6 /* Debug */ = {
			isa = XCBuildConfiguration;
			buildSettings = {
				ALWAYS_SEARCH_USER_PATHS = NO;
				CLANG_ANALYZER_NONNULL = YES;
				CLANG_ANALYZER_NUMBER_OBJECT_CONVERSION = YES_AGGRESSIVE;
				CLANG_CXX_LANGUAGE_STANDARD = "gnu++14";
				CLANG_CXX_LIBRARY = "libc++";
				CLANG_ENABLE_MODULES = YES;
				CLANG_ENABLE_OBJC_ARC = YES;
				CLANG_ENABLE_OBJC_WEAK = YES;
				CLANG_WARN_BLOCK_CAPTURE_AUTORELEASING = YES;
				CLANG_WARN_BOOL_CONVERSION = YES;
				CLANG_WARN_COMMA = YES;
				CLANG_WARN_CONSTANT_CONVERSION = YES;
				CLANG_WARN_DEPRECATED_OBJC_IMPLEMENTATIONS = YES;
				CLANG_WARN_DIRECT_OBJC_ISA_USAGE = YES_ERROR;
				CLANG_WARN_DOCUMENTATION_COMMENTS = YES;
				CLANG_WARN_EMPTY_BODY = YES;
				CLANG_WARN_ENUM_CONVERSION = YES;
				CLANG_WARN_INFINITE_RECURSION = YES;
				CLANG_WARN_INT_CONVERSION = YES;
				CLANG_WARN_NON_LITERAL_NULL_CONVERSION = YES;
				CLANG_WARN_OBJC_IMPLICIT_RETAIN_SELF = YES;
				CLANG_WARN_OBJC_LITERAL_CONVERSION = YES;
				CLANG_WARN_OBJC_ROOT_CLASS = YES_ERROR;
				CLANG_WARN_RANGE_LOOP_ANALYSIS = YES;
				CLANG_WARN_STRICT_PROTOTYPES = YES;
				CLANG_WARN_SUSPICIOUS_MOVE = YES;
				CLANG_WARN_UNGUARDED_AVAILABILITY = YES_AGGRESSIVE;
				CLANG_WARN_UNREACHABLE_CODE = YES;
				CLANG_WARN__DUPLICATE_METHOD_MATCH = YES;
				CODE_SIGN_IDENTITY = "iPhone Developer";
				COPY_PHASE_STRIP = NO;
				DEBUG_INFORMATION_FORMAT = dwarf;
				ENABLE_STRICT_OBJC_MSGSEND = YES;
				ENABLE_TESTABILITY = YES;
				GCC_C_LANGUAGE_STANDARD = gnu11;
				GCC_DYNAMIC_NO_PIC = NO;
				GCC_NO_COMMON_BLOCKS = YES;
				GCC_OPTIMIZATION_LEVEL = 0;
				GCC_PREPROCESSOR_DEFINITIONS = (
					"DEBUG=1",
					"$(inherited)",
				);
				GCC_WARN_64_TO_32_BIT_CONVERSION = YES;
				GCC_WARN_ABOUT_RETURN_TYPE = YES_ERROR;
				GCC_WARN_UNDECLARED_SELECTOR = YES;
				GCC_WARN_UNINITIALIZED_AUTOS = YES_AGGRESSIVE;
				GCC_WARN_UNUSED_FUNCTION = YES;
				GCC_WARN_UNUSED_VARIABLE = YES;
				IPHONEOS_DEPLOYMENT_TARGET = 12.0;
				MTL_ENABLE_DEBUG_INFO = INCLUDE_SOURCE;
				MTL_FAST_MATH = YES;
				ONLY_ACTIVE_ARCH = YES;
				SDKROOT = iphoneos;
				SWIFT_ACTIVE_COMPILATION_CONDITIONS = DEBUG;
				SWIFT_OPTIMIZATION_LEVEL = "-Onone";
			};
			name = Debug;
		};
		A14CCC09215CEA1C00A699E6 /* Release */ = {
			isa = XCBuildConfiguration;
			buildSettings = {
				ALWAYS_SEARCH_USER_PATHS = NO;
				CLANG_ANALYZER_NONNULL = YES;
				CLANG_ANALYZER_NUMBER_OBJECT_CONVERSION = YES_AGGRESSIVE;
				CLANG_CXX_LANGUAGE_STANDARD = "gnu++14";
				CLANG_CXX_LIBRARY = "libc++";
				CLANG_ENABLE_MODULES = YES;
				CLANG_ENABLE_OBJC_ARC = YES;
				CLANG_ENABLE_OBJC_WEAK = YES;
				CLANG_WARN_BLOCK_CAPTURE_AUTORELEASING = YES;
				CLANG_WARN_BOOL_CONVERSION = YES;
				CLANG_WARN_COMMA = YES;
				CLANG_WARN_CONSTANT_CONVERSION = YES;
				CLANG_WARN_DEPRECATED_OBJC_IMPLEMENTATIONS = YES;
				CLANG_WARN_DIRECT_OBJC_ISA_USAGE = YES_ERROR;
				CLANG_WARN_DOCUMENTATION_COMMENTS = YES;
				CLANG_WARN_EMPTY_BODY = YES;
				CLANG_WARN_ENUM_CONVERSION = YES;
				CLANG_WARN_INFINITE_RECURSION = YES;
				CLANG_WARN_INT_CONVERSION = YES;
				CLANG_WARN_NON_LITERAL_NULL_CONVERSION = YES;
				CLANG_WARN_OBJC_IMPLICIT_RETAIN_SELF = YES;
				CLANG_WARN_OBJC_LITERAL_CONVERSION = YES;
				CLANG_WARN_OBJC_ROOT_CLASS = YES_ERROR;
				CLANG_WARN_RANGE_LOOP_ANALYSIS = YES;
				CLANG_WARN_STRICT_PROTOTYPES = YES;
				CLANG_WARN_SUSPICIOUS_MOVE = YES;
				CLANG_WARN_UNGUARDED_AVAILABILITY = YES_AGGRESSIVE;
				CLANG_WARN_UNREACHABLE_CODE = YES;
				CLANG_WARN__DUPLICATE_METHOD_MATCH = YES;
				CODE_SIGN_IDENTITY = "iPhone Developer";
				COPY_PHASE_STRIP = NO;
				DEBUG_INFORMATION_FORMAT = "dwarf-with-dsym";
				ENABLE_NS_ASSERTIONS = NO;
				ENABLE_STRICT_OBJC_MSGSEND = YES;
				GCC_C_LANGUAGE_STANDARD = gnu11;
				GCC_NO_COMMON_BLOCKS = YES;
				GCC_WARN_64_TO_32_BIT_CONVERSION = YES;
				GCC_WARN_ABOUT_RETURN_TYPE = YES_ERROR;
				GCC_WARN_UNDECLARED_SELECTOR = YES;
				GCC_WARN_UNINITIALIZED_AUTOS = YES_AGGRESSIVE;
				GCC_WARN_UNUSED_FUNCTION = YES;
				GCC_WARN_UNUSED_VARIABLE = YES;
				IPHONEOS_DEPLOYMENT_TARGET = 12.0;
				MTL_ENABLE_DEBUG_INFO = NO;
				MTL_FAST_MATH = YES;
				SDKROOT = iphoneos;
				SWIFT_COMPILATION_MODE = wholemodule;
				SWIFT_OPTIMIZATION_LEVEL = "-O";
				VALIDATE_PRODUCT = YES;
			};
			name = Release;
		};
		A14CCC0B215CEA1C00A699E6 /* Debug */ = {
			isa = XCBuildConfiguration;
			baseConfigurationReference = 0C6519AFB15A8FA376229CFE /* Pods-iTunesSearchBasic.debug.xcconfig */;
			buildSettings = {
				ASSETCATALOG_COMPILER_APPICON_NAME = AppIcon;
				CODE_SIGN_STYLE = Automatic;
				DEVELOPMENT_TEAM = 692K8L98GH;
				INFOPLIST_FILE = iTunesSearchBasic/Info.plist;
				LD_RUNPATH_SEARCH_PATHS = (
					"$(inherited)",
					"@executable_path/Frameworks",
				);
				PRODUCT_BUNDLE_IDENTIFIER = com.charlesmoncada.iTunesSearchBasic;
				PRODUCT_NAME = "$(TARGET_NAME)";
				SWIFT_VERSION = 4.2;
				TARGETED_DEVICE_FAMILY = "1,2";
			};
			name = Debug;
		};
		A14CCC0C215CEA1C00A699E6 /* Release */ = {
			isa = XCBuildConfiguration;
			baseConfigurationReference = 6957F68AB11D2DEAC0E9229B /* Pods-iTunesSearchBasic.release.xcconfig */;
			buildSettings = {
				ASSETCATALOG_COMPILER_APPICON_NAME = AppIcon;
				CODE_SIGN_STYLE = Automatic;
				DEVELOPMENT_TEAM = 692K8L98GH;
				INFOPLIST_FILE = iTunesSearchBasic/Info.plist;
				LD_RUNPATH_SEARCH_PATHS = (
					"$(inherited)",
					"@executable_path/Frameworks",
				);
				PRODUCT_BUNDLE_IDENTIFIER = com.charlesmoncada.iTunesSearchBasic;
				PRODUCT_NAME = "$(TARGET_NAME)";
				SWIFT_VERSION = 4.2;
				TARGETED_DEVICE_FAMILY = "1,2";
			};
			name = Release;
		};
		A14CCC0E215CEA1C00A699E6 /* Debug */ = {
			isa = XCBuildConfiguration;
			baseConfigurationReference = 4E8D5D5BA669945CD40FE3F3 /* Pods-iTunesSearchBasicTests.debug.xcconfig */;
			buildSettings = {
				ALWAYS_EMBED_SWIFT_STANDARD_LIBRARIES = YES;
				BUNDLE_LOADER = "$(TEST_HOST)";
				CODE_SIGN_STYLE = Automatic;
				DEVELOPMENT_TEAM = 692K8L98GH;
				INFOPLIST_FILE = iTunesSearchBasicTests/Info.plist;
				LD_RUNPATH_SEARCH_PATHS = (
					"$(inherited)",
					"@executable_path/Frameworks",
					"@loader_path/Frameworks",
				);
				PRODUCT_BUNDLE_IDENTIFIER = com.charlesmoncada.iTunesSearchBasicTests;
				PRODUCT_NAME = "$(TARGET_NAME)";
				SWIFT_VERSION = 4.2;
				TARGETED_DEVICE_FAMILY = "1,2";
				TEST_HOST = "$(BUILT_PRODUCTS_DIR)/iTunesSearchBasic.app/iTunesSearchBasic";
			};
			name = Debug;
		};
		A14CCC0F215CEA1C00A699E6 /* Release */ = {
			isa = XCBuildConfiguration;
			baseConfigurationReference = 9FC2E7CA44F19C702D5904AC /* Pods-iTunesSearchBasicTests.release.xcconfig */;
			buildSettings = {
				ALWAYS_EMBED_SWIFT_STANDARD_LIBRARIES = YES;
				BUNDLE_LOADER = "$(TEST_HOST)";
				CODE_SIGN_STYLE = Automatic;
				DEVELOPMENT_TEAM = 692K8L98GH;
				INFOPLIST_FILE = iTunesSearchBasicTests/Info.plist;
				LD_RUNPATH_SEARCH_PATHS = (
					"$(inherited)",
					"@executable_path/Frameworks",
					"@loader_path/Frameworks",
				);
				PRODUCT_BUNDLE_IDENTIFIER = com.charlesmoncada.iTunesSearchBasicTests;
				PRODUCT_NAME = "$(TARGET_NAME)";
				SWIFT_VERSION = 4.2;
				TARGETED_DEVICE_FAMILY = "1,2";
				TEST_HOST = "$(BUILT_PRODUCTS_DIR)/iTunesSearchBasic.app/iTunesSearchBasic";
			};
			name = Release;
		};
/* End XCBuildConfiguration section */

/* Begin XCConfigurationList section */
		A14CCBE8215CEA1B00A699E6 /* Build configuration list for PBXProject "iTunesSearchBasic" */ = {
			isa = XCConfigurationList;
			buildConfigurations = (
				A14CCC08215CEA1C00A699E6 /* Debug */,
				A14CCC09215CEA1C00A699E6 /* Release */,
			);
			defaultConfigurationIsVisible = 0;
			defaultConfigurationName = Release;
		};
		A14CCC0A215CEA1C00A699E6 /* Build configuration list for PBXNativeTarget "iTunesSearchBasic" */ = {
			isa = XCConfigurationList;
			buildConfigurations = (
				A14CCC0B215CEA1C00A699E6 /* Debug */,
				A14CCC0C215CEA1C00A699E6 /* Release */,
			);
			defaultConfigurationIsVisible = 0;
			defaultConfigurationName = Release;
		};
		A14CCC0D215CEA1C00A699E6 /* Build configuration list for PBXNativeTarget "iTunesSearchBasicTests" */ = {
			isa = XCConfigurationList;
			buildConfigurations = (
				A14CCC0E215CEA1C00A699E6 /* Debug */,
				A14CCC0F215CEA1C00A699E6 /* Release */,
			);
			defaultConfigurationIsVisible = 0;
			defaultConfigurationName = Release;
		};
/* End XCConfigurationList section */
	};
	rootObject = A14CCBE5215CEA1B00A699E6 /* Project object */;
}
